// !$*UTF8*$!
{
	archiveVersion = 1;
	classes = {
	};
	objectVersion = 56;
	objects = {

/* Begin PBXBuildFile section */
		C40131552B09EE1B00AF3979 /* AppDelegate.swift in Sources */ = {isa = PBXBuildFile; fileRef = C40131542B09EE1B00AF3979 /* AppDelegate.swift */; };
		C40131572B09EE1B00AF3979 /* SceneDelegate.swift in Sources */ = {isa = PBXBuildFile; fileRef = C40131562B09EE1B00AF3979 /* SceneDelegate.swift */; };
		C40131592B09EE1B00AF3979 /* ViewController.swift in Sources */ = {isa = PBXBuildFile; fileRef = C40131582B09EE1B00AF3979 /* ViewController.swift */; };
		C401315C2B09EE1B00AF3979 /* Main.storyboard in Resources */ = {isa = PBXBuildFile; fileRef = C401315A2B09EE1B00AF3979 /* Main.storyboard */; };
		C401315E2B09EE1C00AF3979 /* Assets.xcassets in Resources */ = {isa = PBXBuildFile; fileRef = C401315D2B09EE1C00AF3979 /* Assets.xcassets */; };
		C40131612B09EE1C00AF3979 /* LaunchScreen.storyboard in Resources */ = {isa = PBXBuildFile; fileRef = C401315F2B09EE1C00AF3979 /* LaunchScreen.storyboard */; };
		C4B02DB32B0B094E00781FC5 /* RxCocoa in Frameworks */ = {isa = PBXBuildFile; productRef = C4B02DB22B0B094E00781FC5 /* RxCocoa */; };
		C4B02DB52B0B094E00781FC5 /* RxSwift in Frameworks */ = {isa = PBXBuildFile; productRef = C4B02DB42B0B094E00781FC5 /* RxSwift */; };
/* End PBXBuildFile section */

/* Begin PBXFileReference section */
		C40131512B09EE1B00AF3979 /* PracticeReactiveSwift.app */ = {isa = PBXFileReference; explicitFileType = wrapper.application; includeInIndex = 0; path = PracticeReactiveSwift.app; sourceTree = BUILT_PRODUCTS_DIR; };
		C40131542B09EE1B00AF3979 /* AppDelegate.swift */ = {isa = PBXFileReference; lastKnownFileType = sourcecode.swift; path = AppDelegate.swift; sourceTree = "<group>"; };
		C40131562B09EE1B00AF3979 /* SceneDelegate.swift */ = {isa = PBXFileReference; lastKnownFileType = sourcecode.swift; path = SceneDelegate.swift; sourceTree = "<group>"; };
		C40131582B09EE1B00AF3979 /* ViewController.swift */ = {isa = PBXFileReference; lastKnownFileType = sourcecode.swift; path = ViewController.swift; sourceTree = "<group>"; };
		C401315B2B09EE1B00AF3979 /* Base */ = {isa = PBXFileReference; lastKnownFileType = file.storyboard; name = Base; path = Base.lproj/Main.storyboard; sourceTree = "<group>"; };
		C401315D2B09EE1C00AF3979 /* Assets.xcassets */ = {isa = PBXFileReference; lastKnownFileType = folder.assetcatalog; path = Assets.xcassets; sourceTree = "<group>"; };
		C40131602B09EE1C00AF3979 /* Base */ = {isa = PBXFileReference; lastKnownFileType = file.storyboard; name = Base; path = Base.lproj/LaunchScreen.storyboard; sourceTree = "<group>"; };
		C40131622B09EE1C00AF3979 /* Info.plist */ = {isa = PBXFileReference; lastKnownFileType = text.plist.xml; path = Info.plist; sourceTree = "<group>"; };
/* End PBXFileReference section */

/* Begin PBXFrameworksBuildPhase section */
		C401314E2B09EE1B00AF3979 /* Frameworks */ = {
			isa = PBXFrameworksBuildPhase;
			buildActionMask = 2147483647;
			files = (
				C4B02DB52B0B094E00781FC5 /* RxSwift in Frameworks */,
				C4B02DB32B0B094E00781FC5 /* RxCocoa in Frameworks */,
			);
			runOnlyForDeploymentPostprocessing = 0;
		};
/* End PBXFrameworksBuildPhase section */

/* Begin PBXGroup section */
		C40131482B09EE1B00AF3979 = {
			isa = PBXGroup;
			children = (
				C40131532B09EE1B00AF3979 /* PracticeReactiveSwift */,
				C40131522B09EE1B00AF3979 /* Products */,
			);
			sourceTree = "<group>";
		};
		C40131522B09EE1B00AF3979 /* Products */ = {
			isa = PBXGroup;
			children = (
				C40131512B09EE1B00AF3979 /* PracticeReactiveSwift.app */,
			);
			name = Products;
			sourceTree = "<group>";
		};
		C40131532B09EE1B00AF3979 /* PracticeReactiveSwift */ = {
			isa = PBXGroup;
			children = (
				C40131542B09EE1B00AF3979 /* AppDelegate.swift */,
				C40131562B09EE1B00AF3979 /* SceneDelegate.swift */,
				C40131582B09EE1B00AF3979 /* ViewController.swift */,
				C401315A2B09EE1B00AF3979 /* Main.storyboard */,
				C401315D2B09EE1C00AF3979 /* Assets.xcassets */,
				C401315F2B09EE1C00AF3979 /* LaunchScreen.storyboard */,
				C40131622B09EE1C00AF3979 /* Info.plist */,
			);
			path = PracticeReactiveSwift;
			sourceTree = "<group>";
		};
/* End PBXGroup section */

/* Begin PBXNativeTarget section */
		C40131502B09EE1B00AF3979 /* PracticeReactiveSwift */ = {
			isa = PBXNativeTarget;
			buildConfigurationList = C40131652B09EE1C00AF3979 /* Build configuration list for PBXNativeTarget "PracticeReactiveSwift" */;
			buildPhases = (
				C401314D2B09EE1B00AF3979 /* Sources */,
				C401314E2B09EE1B00AF3979 /* Frameworks */,
				C401314F2B09EE1B00AF3979 /* Resources */,
			);
			buildRules = (
			);
			dependencies = (
			);
			name = PracticeReactiveSwift;
			packageProductDependencies = (
				C4B02DB22B0B094E00781FC5 /* RxCocoa */,
				C4B02DB42B0B094E00781FC5 /* RxSwift */,
			);
			productName = RxSwift;
			productReference = C40131512B09EE1B00AF3979 /* PracticeReactiveSwift.app */;
			productType = "com.apple.product-type.application";
		};
/* End PBXNativeTarget section */

/* Begin PBXProject section */
		C40131492B09EE1B00AF3979 /* Project object */ = {
			isa = PBXProject;
			attributes = {
				BuildIndependentTargetsInParallel = 1;
				LastSwiftUpdateCheck = 1500;
				LastUpgradeCheck = 1500;
				TargetAttributes = {
					C40131502B09EE1B00AF3979 = {
						CreatedOnToolsVersion = 15.0.1;
					};
				};
			};
			buildConfigurationList = C401314C2B09EE1B00AF3979 /* Build configuration list for PBXProject "PracticeReactiveSwift" */;
			compatibilityVersion = "Xcode 14.0";
			developmentRegion = en;
			hasScannedForEncodings = 0;
			knownRegions = (
				en,
				Base,
			);
			mainGroup = C40131482B09EE1B00AF3979;
			packageReferences = (
				C4B02DB12B0B094E00781FC5 /* XCRemoteSwiftPackageReference "RxSwift" */,
			);
			productRefGroup = C40131522B09EE1B00AF3979 /* Products */;
			projectDirPath = "";
			projectRoot = "";
			targets = (
				C40131502B09EE1B00AF3979 /* PracticeReactiveSwift */,
			);
		};
/* End PBXProject section */

/* Begin PBXResourcesBuildPhase section */
		C401314F2B09EE1B00AF3979 /* Resources */ = {
			isa = PBXResourcesBuildPhase;
			buildActionMask = 2147483647;
			files = (
				C40131612B09EE1C00AF3979 /* LaunchScreen.storyboard in Resources */,
				C401315E2B09EE1C00AF3979 /* Assets.xcassets in Resources */,
				C401315C2B09EE1B00AF3979 /* Main.storyboard in Resources */,
			);
			runOnlyForDeploymentPostprocessing = 0;
		};
/* End PBXResourcesBuildPhase section */

/* Begin PBXSourcesBuildPhase section */
		C401314D2B09EE1B00AF3979 /* Sources */ = {
			isa = PBXSourcesBuildPhase;
			buildActionMask = 2147483647;
			files = (
				C40131592B09EE1B00AF3979 /* ViewController.swift in Sources */,
				C40131552B09EE1B00AF3979 /* AppDelegate.swift in Sources */,
				C40131572B09EE1B00AF3979 /* SceneDelegate.swift in Sources */,
			);
			runOnlyForDeploymentPostprocessing = 0;
		};
/* End PBXSourcesBuildPhase section */

/* Begin PBXVariantGroup section */
		C401315A2B09EE1B00AF3979 /* Main.storyboard */ = {
			isa = PBXVariantGroup;
			children = (
				C401315B2B09EE1B00AF3979 /* Base */,
			);
			name = Main.storyboard;
			sourceTree = "<group>";
		};
		C401315F2B09EE1C00AF3979 /* LaunchScreen.storyboard */ = {
			isa = PBXVariantGroup;
			children = (
				C40131602B09EE1C00AF3979 /* Base */,
			);
			name = LaunchScreen.storyboard;
			sourceTree = "<group>";
		};
/* End PBXVariantGroup section */

/* Begin XCBuildConfiguration section */
		C40131632B09EE1C00AF3979 /* Debug */ = {
			isa = XCBuildConfiguration;
			buildSettings = {
				ALWAYS_SEARCH_USER_PATHS = NO;
				ASSETCATALOG_COMPILER_GENERATE_SWIFT_ASSET_SYMBOL_EXTENSIONS = YES;
				CLANG_ANALYZER_NONNULL = YES;
				CLANG_ANALYZER_NUMBER_OBJECT_CONVERSION = YES_AGGRESSIVE;
				CLANG_CXX_LANGUAGE_STANDARD = "gnu++20";
				CLANG_ENABLE_MODULES = YES;
				CLANG_ENABLE_OBJC_ARC = YES;
				CLANG_ENABLE_OBJC_WEAK = YES;
				CLANG_WARN_BLOCK_CAPTURE_AUTORELEASING = YES;
				CLANG_WARN_BOOL_CONVERSION = YES;
				CLANG_WARN_COMMA = YES;
				CLANG_WARN_CONSTANT_CONVERSION = YES;
				CLANG_WARN_DEPRECATED_OBJC_IMPLEMENTATIONS = YES;
				CLANG_WARN_DIRECT_OBJC_ISA_USAGE = YES_ERROR;
				CLANG_WARN_DOCUMENTATION_COMMENTS = YES;
				CLANG_WARN_EMPTY_BODY = YES;
				CLANG_WARN_ENUM_CONVERSION = YES;
				CLANG_WARN_INFINITE_RECURSION = YES;
				CLANG_WARN_INT_CONVERSION = YES;
				CLANG_WARN_NON_LITERAL_NULL_CONVERSION = YES;
				CLANG_WARN_OBJC_IMPLICIT_RETAIN_SELF = YES;
				CLANG_WARN_OBJC_LITERAL_CONVERSION = YES;
				CLANG_WARN_OBJC_ROOT_CLASS = YES_ERROR;
				CLANG_WARN_QUOTED_INCLUDE_IN_FRAMEWORK_HEADER = YES;
				CLANG_WARN_RANGE_LOOP_ANALYSIS = YES;
				CLANG_WARN_STRICT_PROTOTYPES = YES;
				CLANG_WARN_SUSPICIOUS_MOVE = YES;
				CLANG_WARN_UNGUARDED_AVAILABILITY = YES_AGGRESSIVE;
				CLANG_WARN_UNREACHABLE_CODE = YES;
				CLANG_WARN__DUPLICATE_METHOD_MATCH = YES;
				COPY_PHASE_STRIP = NO;
				DEBUG_INFORMATION_FORMAT = dwarf;
				ENABLE_STRICT_OBJC_MSGSEND = YES;
				ENABLE_TESTABILITY = YES;
				ENABLE_USER_SCRIPT_SANDBOXING = YES;
				GCC_C_LANGUAGE_STANDARD = gnu17;
				GCC_DYNAMIC_NO_PIC = NO;
				GCC_NO_COMMON_BLOCKS = YES;
				GCC_OPTIMIZATION_LEVEL = 0;
				GCC_PREPROCESSOR_DEFINITIONS = (
					"DEBUG=1",
					"$(inherited)",
				);
				GCC_WARN_64_TO_32_BIT_CONVERSION = YES;
				GCC_WARN_ABOUT_RETURN_TYPE = YES_ERROR;
				GCC_WARN_UNDECLARED_SELECTOR = YES;
				GCC_WARN_UNINITIALIZED_AUTOS = YES_AGGRESSIVE;
				GCC_WARN_UNUSED_FUNCTION = YES;
				GCC_WARN_UNUSED_VARIABLE = YES;
				IPHONEOS_DEPLOYMENT_TARGET = 17.0;
				LOCALIZATION_PREFERS_STRING_CATALOGS = YES;
				MTL_ENABLE_DEBUG_INFO = INCLUDE_SOURCE;
				MTL_FAST_MATH = YES;
				ONLY_ACTIVE_ARCH = YES;
				SDKROOT = iphoneos;
				SWIFT_ACTIVE_COMPILATION_CONDITIONS = "DEBUG $(inherited)";
				SWIFT_OPTIMIZATION_LEVEL = "-Onone";
			};
			name = Debug;
		};
		C40131642B09EE1C00AF3979 /* Release */ = {
			isa = XCBuildConfiguration;
			buildSettings = {
				ALWAYS_SEARCH_USER_PATHS = NO;
				ASSETCATALOG_COMPILER_GENERATE_SWIFT_ASSET_SYMBOL_EXTENSIONS = YES;
				CLANG_ANALYZER_NONNULL = YES;
				CLANG_ANALYZER_NUMBER_OBJECT_CONVERSION = YES_AGGRESSIVE;
				CLANG_CXX_LANGUAGE_STANDARD = "gnu++20";
				CLANG_ENABLE_MODULES = YES;
				CLANG_ENABLE_OBJC_ARC = YES;
				CLANG_ENABLE_OBJC_WEAK = YES;
				CLANG_WARN_BLOCK_CAPTURE_AUTORELEASING = YES;
				CLANG_WARN_BOOL_CONVERSION = YES;
				CLANG_WARN_COMMA = YES;
				CLANG_WARN_CONSTANT_CONVERSION = YES;
				CLANG_WARN_DEPRECATED_OBJC_IMPLEMENTATIONS = YES;
				CLANG_WARN_DIRECT_OBJC_ISA_USAGE = YES_ERROR;
				CLANG_WARN_DOCUMENTATION_COMMENTS = YES;
				CLANG_WARN_EMPTY_BODY = YES;
				CLANG_WARN_ENUM_CONVERSION = YES;
				CLANG_WARN_INFINITE_RECURSION = YES;
				CLANG_WARN_INT_CONVERSION = YES;
				CLANG_WARN_NON_LITERAL_NULL_CONVERSION = YES;
				CLANG_WARN_OBJC_IMPLICIT_RETAIN_SELF = YES;
				CLANG_WARN_OBJC_LITERAL_CONVERSION = YES;
				CLANG_WARN_OBJC_ROOT_CLASS = YES_ERROR;
				CLANG_WARN_QUOTED_INCLUDE_IN_FRAMEWORK_HEADER = YES;
				CLANG_WARN_RANGE_LOOP_ANALYSIS = YES;
				CLANG_WARN_STRICT_PROTOTYPES = YES;
				CLANG_WARN_SUSPICIOUS_MOVE = YES;
				CLANG_WARN_UNGUARDED_AVAILABILITY = YES_AGGRESSIVE;
				CLANG_WARN_UNREACHABLE_CODE = YES;
				CLANG_WARN__DUPLICATE_METHOD_MATCH = YES;
				COPY_PHASE_STRIP = NO;
				DEBUG_INFORMATION_FORMAT = "dwarf-with-dsym";
				ENABLE_NS_ASSERTIONS = NO;
				ENABLE_STRICT_OBJC_MSGSEND = YES;
				ENABLE_USER_SCRIPT_SANDBOXING = YES;
				GCC_C_LANGUAGE_STANDARD = gnu17;
				GCC_NO_COMMON_BLOCKS = YES;
				GCC_WARN_64_TO_32_BIT_CONVERSION = YES;
				GCC_WARN_ABOUT_RETURN_TYPE = YES_ERROR;
				GCC_WARN_UNDECLARED_SELECTOR = YES;
				GCC_WARN_UNINITIALIZED_AUTOS = YES_AGGRESSIVE;
				GCC_WARN_UNUSED_FUNCTION = YES;
				GCC_WARN_UNUSED_VARIABLE = YES;
				IPHONEOS_DEPLOYMENT_TARGET = 17.0;
				LOCALIZATION_PREFERS_STRING_CATALOGS = YES;
				MTL_ENABLE_DEBUG_INFO = NO;
				MTL_FAST_MATH = YES;
				SDKROOT = iphoneos;
				SWIFT_COMPILATION_MODE = wholemodule;
				VALIDATE_PRODUCT = YES;
			};
			name = Release;
		};
		C40131662B09EE1C00AF3979 /* Debug */ = {
			isa = XCBuildConfiguration;
			buildSettings = {
				ASSETCATALOG_COMPILER_APPICON_NAME = AppIcon;
				ASSETCATALOG_COMPILER_GLOBAL_ACCENT_COLOR_NAME = AccentColor;
				CODE_SIGN_STYLE = Automatic;
				CURRENT_PROJECT_VERSION = 1;
				DEVELOPMENT_TEAM = YM9RBHH3SL;
				GENERATE_INFOPLIST_FILE = YES;
				INFOPLIST_FILE = PracticeReactiveSwift/Info.plist;
				INFOPLIST_KEY_UIApplicationSupportsIndirectInputEvents = YES;
				INFOPLIST_KEY_UILaunchStoryboardName = LaunchScreen;
				INFOPLIST_KEY_UIMainStoryboardFile = Main;
				INFOPLIST_KEY_UISupportedInterfaceOrientations_iPad = "UIInterfaceOrientationPortrait UIInterfaceOrientationPortraitUpsideDown UIInterfaceOrientationLandscapeLeft UIInterfaceOrientationLandscapeRight";
				INFOPLIST_KEY_UISupportedInterfaceOrientations_iPhone = "UIInterfaceOrientationPortrait UIInterfaceOrientationLandscapeLeft UIInterfaceOrientationLandscapeRight";
				LD_RUNPATH_SEARCH_PATHS = (
					"$(inherited)",
					"@executable_path/Frameworks",
				);
				MARKETING_VERSION = 1.0;
				PRODUCT_BUNDLE_IDENTIFIER = com.rizalfahrud.RxSwift;
				PRODUCT_NAME = "$(TARGET_NAME)";
				SWIFT_EMIT_LOC_STRINGS = YES;
				SWIFT_VERSION = 5.0;
				TARGETED_DEVICE_FAMILY = "1,2";
			};
			name = Debug;
		};
		C40131672B09EE1C00AF3979 /* Release */ = {
			isa = XCBuildConfiguration;
			buildSettings = {
				ASSETCATALOG_COMPILER_APPICON_NAME = AppIcon;
				ASSETCATALOG_COMPILER_GLOBAL_ACCENT_COLOR_NAME = AccentColor;
				CODE_SIGN_STYLE = Automatic;
				CURRENT_PROJECT_VERSION = 1;
				DEVELOPMENT_TEAM = YM9RBHH3SL;
				GENERATE_INFOPLIST_FILE = YES;
				INFOPLIST_FILE = PracticeReactiveSwift/Info.plist;
				INFOPLIST_KEY_UIApplicationSupportsIndirectInputEvents = YES;
				INFOPLIST_KEY_UILaunchStoryboardName = LaunchScreen;
				INFOPLIST_KEY_UIMainStoryboardFile = Main;
				INFOPLIST_KEY_UISupportedInterfaceOrientations_iPad = "UIInterfaceOrientationPortrait UIInterfaceOrientationPortraitUpsideDown UIInterfaceOrientationLandscapeLeft UIInterfaceOrientationLandscapeRight";
				INFOPLIST_KEY_UISupportedInterfaceOrientations_iPhone = "UIInterfaceOrientationPortrait UIInterfaceOrientationLandscapeLeft UIInterfaceOrientationLandscapeRight";
				LD_RUNPATH_SEARCH_PATHS = (
					"$(inherited)",
					"@executable_path/Frameworks",
				);
				MARKETING_VERSION = 1.0;
				PRODUCT_BUNDLE_IDENTIFIER = com.rizalfahrud.RxSwift;
				PRODUCT_NAME = "$(TARGET_NAME)";
				SWIFT_EMIT_LOC_STRINGS = YES;
				SWIFT_VERSION = 5.0;
				TARGETED_DEVICE_FAMILY = "1,2";
			};
			name = Release;
		};
/* End XCBuildConfiguration section */

/* Begin XCConfigurationList section */
		C401314C2B09EE1B00AF3979 /* Build configuration list for PBXProject "PracticeReactiveSwift" */ = {
			isa = XCConfigurationList;
			buildConfigurations = (
				C40131632B09EE1C00AF3979 /* Debug */,
				C40131642B09EE1C00AF3979 /* Release */,
			);
			defaultConfigurationIsVisible = 0;
			defaultConfigurationName = Release;
		};
		C40131652B09EE1C00AF3979 /* Build configuration list for PBXNativeTarget "PracticeReactiveSwift" */ = {
			isa = XCConfigurationList;
			buildConfigurations = (
				C40131662B09EE1C00AF3979 /* Debug */,
				C40131672B09EE1C00AF3979 /* Release */,
			);
			defaultConfigurationIsVisible = 0;
			defaultConfigurationName = Release;
		};
/* End XCConfigurationList section */

/* Begin XCRemoteSwiftPackageReference section */
		C4B02DB12B0B094E00781FC5 /* XCRemoteSwiftPackageReference "RxSwift" */ = {
			isa = XCRemoteSwiftPackageReference;
			repositoryURL = "https://github.com/ReactiveX/RxSwift";
			requirement = {
				kind = upToNextMajorVersion;
				minimumVersion = 6.6.0;
			};
		};
/* End XCRemoteSwiftPackageReference section */

/* Begin XCSwiftPackageProductDependency section */
		C4B02DB22B0B094E00781FC5 /* RxCocoa */ = {
			isa = XCSwiftPackageProductDependency;
			package = C4B02DB12B0B094E00781FC5 /* XCRemoteSwiftPackageReference "RxSwift" */;
			productName = RxCocoa;
		};
		C4B02DB42B0B094E00781FC5 /* RxSwift */ = {
			isa = XCSwiftPackageProductDependency;
			package = C4B02DB12B0B094E00781FC5 /* XCRemoteSwiftPackageReference "RxSwift" */;
			productName = RxSwift;
		};
/* End XCSwiftPackageProductDependency section */
	};
	rootObject = C40131492B09EE1B00AF3979 /* Project object */;
}
